<?xml version="1.0" encoding="utf-8"?>
<Project ToolsVersion="4.0" xmlns="http://schemas.microsoft.com/developer/msbuild/2003">
  <ItemGroup>
    <Filter Include="Source Files">
      <UniqueIdentifier>{4FC737F1-C7A5-4376-A066-2A32D752A2FF}</UniqueIdentifier>
      <Extensions>cpp;c;cc;cxx;c++;cppm;ixx;def;odl;idl;hpj;bat;asm;asmx</Extensions>
    </Filter>
    <Filter Include="Header Files">
      <UniqueIdentifier>{93995380-89BD-4b04-88EB-625FBE52EBFB}</UniqueIdentifier>
      <Extensions>h;hh;hpp;hxx;h++;hm;inl;inc;ipp;xsd</Extensions>
    </Filter>
    <Filter Include="Resource Files">
      <UniqueIdentifier>{67DA6AB6-F800-4c08-8B7A-83BB121AAD01}</UniqueIdentifier>
      <Extensions>rc;ico;cur;bmp;dlg;rc2;rct;bin;rgs;gif;jpg;jpeg;jpe;resx;tiff;tif;png;wav;mfcribbon-ms</Extensions>
    </Filter>
    <Filter Include="Header Files\commands">
      <UniqueIdentifier>{f3939891-3bca-47f7-bfde-bce1227a158e}</UniqueIdentifier>
    </Filter>
    <Filter Include="Source Files\commands">
      <UniqueIdentifier>{29b7f444-aacd-4bcf-952d-d953949f172a}</UniqueIdentifier>
    </Filter>
  </ItemGroup>
  <ItemGroup>
    <ClCompile Include="src\MSFS2020-connector.cpp">
      <Filter>Source Files</Filter>
    </ClCompile>
    <ClCompile Include="src\Serial.cpp">
      <Filter>Source Files</Filter>
    </ClCompile>
    <ClCompile Include="src\SimConnector.cpp">
      <Filter>Source Files</Filter>
    </ClCompile>
    <ClCompile Include="src\commands\AltitudeCmd.cpp">
      <Filter>Source Files\commands</Filter>
    </ClCompile>
    <ClCompile Include="src\commands\ACommand.cpp">
      <Filter>Source Files\commands</Filter>
    </ClCompile>
    <ClCompile Include="src\CommandMapper.cpp">
      <Filter>Source Files</Filter>
    </ClCompile>
  </ItemGroup>
  <ItemGroup>
    <ClInclude Include="include\Serial.hpp">
      <Filter>Header Files</Filter>
    </ClInclude>
    <ClInclude Include="include\SimConnector.hpp">
      <Filter>Header Files</Filter>
    </ClInclude>
    <ClInclude Include="include\commands\ACommand.hpp">
      <Filter>Header Files\commands</Filter>
    </ClInclude>
    <ClInclude Include="include\commands\AltitudeCmd.hpp">
      <Filter>Header Files\commands</Filter>
    </ClInclude>
    <ClInclude Include="include\CommandMapper.hpp">
      <Filter>Header Files</Filter>
    </ClInclude>
  </ItemGroup>
</Project>